
Microsoft Visual Studio Solution File, Format Version 12.00
# Visual Studio Version 17
VisualStudioVersion = 17.6.33815.320
MinimumVisualStudioVersion = 10.0.40219.1
Project("{FAE04EC0-301F-11D3-BF4B-00C04F79EFBC}") = "ApilPortfolio", "ApilPortfolio.csproj", "{EB1EDC1C-AA7D-46EA-81F1-6A80ECB6861E}"
EndProject
Global
	GlobalSection(SolutionConfigurationPlatforms) = preSolution
		Debug|Any CPU = Debug|Any CPU
		Release|Any CPU = Release|Any CPU
	EndGlobalSection
	GlobalSection(ProjectConfigurationPlatforms) = postSolution
		{EB1EDC1C-AA7D-46EA-81F1-6A80ECB6861E}.Debug|Any CPU.ActiveCfg = Debug|Any CPU
		{EB1EDC1C-AA7D-46EA-81F1-6A80ECB6861E}.Debug|Any CPU.Build.0 = Debug|Any CPU
		{EB1EDC1C-AA7D-46EA-81F1-6A80ECB6861E}.Release|Any CPU.ActiveCfg = Release|Any CPU
		{EB1EDC1C-AA7D-46EA-81F1-6A80ECB6861E}.Release|Any CPU.Build.0 = Release|Any CPU
	EndGlobalSection
	GlobalSection(SolutionProperties) = preSolution
		HideSolutionNode = FALSE
	EndGlobalSection
	GlobalSection(ExtensibilityGlobals) = postSolution
		SolutionGuid = {B8D5DA38-9246-466F-86AC-D0F39C4F9AD5}
	EndGlobalSection
EndGlobal
